
Microsoft Visual Studio Solution File, Format Version 12.00
# Visual Studio Version 17
VisualStudioVersion = 17.0.32112.339
MinimumVisualStudioVersion = 10.0.40219.1
Project("{FAE04EC0-301F-11D3-BF4B-00C04F79EFBC}") = "PK_appxd", "PK_appxd\PK_appxd.csproj", "{BEA4D694-AB51-4288-81E0-3D707FE56896}"
EndProject
Global
	GlobalSection(SolutionConfigurationPlatforms) = preSolution
		Debug|Any CPU = Debug|Any CPU
		Release|Any CPU = Release|Any CPU
	EndGlobalSection
	GlobalSection(ProjectConfigurationPlatforms) = postSolution
		{BEA4D694-AB51-4288-81E0-3D707FE56896}.Debug|Any CPU.ActiveCfg = Debug|Any CPU
		{BEA4D694-AB51-4288-81E0-3D707FE56896}.Debug|Any CPU.Build.0 = Debug|Any CPU
		{BEA4D694-AB51-4288-81E0-3D707FE56896}.Release|Any CPU.ActiveCfg = Release|Any CPU
		{BEA4D694-AB51-4288-81E0-3D707FE56896}.Release|Any CPU.Build.0 = Release|Any CPU
	EndGlobalSection
	GlobalSection(SolutionProperties) = preSolution
		HideSolutionNode = FALSE
	EndGlobalSection
	GlobalSection(ExtensibilityGlobals) = postSolution
		SolutionGuid = {A3E10A5F-4BAE-455A-BFA2-DF2DE6AF90AB}
	EndGlobalSection
EndGlobal
